# Fortified Target Lock: a Steel Ball searches for the enemy of the most
# life within its reach.
#
# The first searches find nothing in reach and score every enemy as the plain
# selector does. At t118, after the Crawlers each ball locked died, balls 1 and
# 3 lock the Rhino, 27 metres from their edge with 19297 life, over Crawlers
# of 250 standing nearer; without the technology the simulator has them lock
# Crawlers 10 and 5.

kind: fight
map_id: 1021
seed: 4242
round: 1
source: game
ticks: 192
hash: {profile: mcfr-content-0.23.0, result: 040d262cdadc70924e00a56b2fc02687b11171cab50a22d7f81b2113bcea6d1d}
blue:
  core_damage: 380
  techs:
    steel_ball: [fortified_target_lock]
  units:
  - {name: steel_ball, index: 0, position: {x: 5, y: -130}, exp: 0/32/1000}
red:
  units:
  - {name: rhino, index: 0, position: {x: 35, y: -65}, exp: 0/183/1150}
  - {name: marksman, index: 1, position: {x: -40, y: -70}, exp: 0/83/650}
  - {name: crawler, index: 2, position: {x: -5, y: -40}, exp: 0/133/450}
